
Microsoft Visual Studio Solution File, Format Version 12.00
# Visual Studio Version 16
VisualStudioVersion = 16.0.30804.86
MinimumVisualStudioVersion = 10.0.40219.1
Project("{FAE04EC0-301F-11D3-BF4B-00C04F79EFBC}") = "discordAltManager", "discordAltManager\discordAltManager.csproj", "{FA549DF0-1A69-4798-8F84-EB06D1B71429}"
EndProject
Global
	GlobalSection(SolutionConfigurationPlatforms) = preSolution
		Debug|Any CPU = Debug|Any CPU
		Release|Any CPU = Release|Any CPU
	EndGlobalSection
	GlobalSection(ProjectConfigurationPlatforms) = postSolution
		{FA549DF0-1A69-4798-8F84-EB06D1B71429}.Debug|Any CPU.ActiveCfg = Debug|Any CPU
		{FA549DF0-1A69-4798-8F84-EB06D1B71429}.Debug|Any CPU.Build.0 = Debug|Any CPU
		{FA549DF0-1A69-4798-8F84-EB06D1B71429}.Release|Any CPU.ActiveCfg = Release|Any CPU
		{FA549DF0-1A69-4798-8F84-EB06D1B71429}.Release|Any CPU.Build.0 = Release|Any CPU
	EndGlobalSection
	GlobalSection(SolutionProperties) = preSolution
		HideSolutionNode = FALSE
	EndGlobalSection
	GlobalSection(ExtensibilityGlobals) = postSolution
		SolutionGuid = {8E03E615-A0EE-4F30-97B5-BA73C7A93DCC}
	EndGlobalSection
EndGlobal
